
Microsoft Visual Studio Solution File, Format Version 12.00
# Visual Studio 15
VisualStudioVersion = 15.0.27130.2010
MinimumVisualStudioVersion = 10.0.40219.1
Project("{FAE04EC0-301F-11D3-BF4B-00C04F79EFBC}") = "DataAccess.CQRS", "DataAccess.CQRS\DataAccess.CQRS.csproj", "{FD8C3ABC-FD27-4C75-A849-F4BC4679C979}"
EndProject
Project("{FAE04EC0-301F-11D3-BF4B-00C04F79EFBC}") = "DataAccess.Repository", "DataAccess.Repository\DataAccess.Repository.csproj", "{A2EB603E-F63C-40DC-B6FF-CE6DF823DA52}"
EndProject
Project("{9A19103F-16F7-4668-BE54-9A1E7A4F7556}") = "DataAccess.Repository.EFCore", "DataAccess.Repository.EFCore\DataAccess.Repository.EFCore.csproj", "{3E46F225-ABE3-4582-BDFA-2D7FC9CA7043}"
EndProject
Project("{9A19103F-16F7-4668-BE54-9A1E7A4F7556}") = "DataAccess.Core", "DataAccess.Core\DataAccess.Core.csproj", "{162C2E3F-8016-4B23-90DE-6D433C9D048F}"
EndProject
Project("{FAE04EC0-301F-11D3-BF4B-00C04F79EFBC}") = "DataAccess.Client.EFCore", "DataAccess.Client.EFCore\DataAccess.Client.EFCore.csproj", "{3FF4A6B8-F687-4EA4-94D7-34B6044C5919}"
EndProject
Global
	GlobalSection(SolutionConfigurationPlatforms) = preSolution
		Debug|Any CPU = Debug|Any CPU
		Release|Any CPU = Release|Any CPU
	EndGlobalSection
	GlobalSection(ProjectConfigurationPlatforms) = postSolution
		{FD8C3ABC-FD27-4C75-A849-F4BC4679C979}.Debug|Any CPU.ActiveCfg = Debug|Any CPU
		{FD8C3ABC-FD27-4C75-A849-F4BC4679C979}.Debug|Any CPU.Build.0 = Debug|Any CPU
		{FD8C3ABC-FD27-4C75-A849-F4BC4679C979}.Release|Any CPU.ActiveCfg = Release|Any CPU
		{FD8C3ABC-FD27-4C75-A849-F4BC4679C979}.Release|Any CPU.Build.0 = Release|Any CPU
		{A2EB603E-F63C-40DC-B6FF-CE6DF823DA52}.Debug|Any CPU.ActiveCfg = Debug|Any CPU
		{A2EB603E-F63C-40DC-B6FF-CE6DF823DA52}.Debug|Any CPU.Build.0 = Debug|Any CPU
		{A2EB603E-F63C-40DC-B6FF-CE6DF823DA52}.Release|Any CPU.ActiveCfg = Release|Any CPU
		{A2EB603E-F63C-40DC-B6FF-CE6DF823DA52}.Release|Any CPU.Build.0 = Release|Any CPU
		{3E46F225-ABE3-4582-BDFA-2D7FC9CA7043}.Debug|Any CPU.ActiveCfg = Debug|Any CPU
		{3E46F225-ABE3-4582-BDFA-2D7FC9CA7043}.Debug|Any CPU.Build.0 = Debug|Any CPU
		{3E46F225-ABE3-4582-BDFA-2D7FC9CA7043}.Release|Any CPU.ActiveCfg = Release|Any CPU
		{3E46F225-ABE3-4582-BDFA-2D7FC9CA7043}.Release|Any CPU.Build.0 = Release|Any CPU
		{162C2E3F-8016-4B23-90DE-6D433C9D048F}.Debug|Any CPU.ActiveCfg = Debug|Any CPU
		{162C2E3F-8016-4B23-90DE-6D433C9D048F}.Debug|Any CPU.Build.0 = Debug|Any CPU
		{162C2E3F-8016-4B23-90DE-6D433C9D048F}.Release|Any CPU.ActiveCfg = Release|Any CPU
		{162C2E3F-8016-4B23-90DE-6D433C9D048F}.Release|Any CPU.Build.0 = Release|Any CPU
		{3FF4A6B8-F687-4EA4-94D7-34B6044C5919}.Debug|Any CPU.ActiveCfg = Debug|Any CPU
		{3FF4A6B8-F687-4EA4-94D7-34B6044C5919}.Debug|Any CPU.Build.0 = Debug|Any CPU
		{3FF4A6B8-F687-4EA4-94D7-34B6044C5919}.Release|Any CPU.ActiveCfg = Release|Any CPU
		{3FF4A6B8-F687-4EA4-94D7-34B6044C5919}.Release|Any CPU.Build.0 = Release|Any CPU
	EndGlobalSection
	GlobalSection(SolutionProperties) = preSolution
		HideSolutionNode = FALSE
	EndGlobalSection
	GlobalSection(ExtensibilityGlobals) = postSolution
		SolutionGuid = {3ACFF03D-209D-4D82-8F6E-1AE0AD2AE7AD}
	EndGlobalSection
EndGlobal
